{
  "originHash" : "0be4d68d2c09f10681da45da9397fb2d1c6e32e7de40344e21da462271073921",
  "pins" : [
    {
      "identity" : "appauthswift",
      "kind" : "remoteSourceControl",
      "location" : "https://github.com/ShwethaSurendran/AppAuthSwift",
      "state" : {
        "branch" : "main",
        "revision" : "d8d5444be86c06b7e7e8624f6861967846a10ce5"
      }
    }
  ],
  "version" : 3
}
